
Microsoft Visual Studio Solution File, Format Version 12.00
# Visual Studio Version 16
VisualStudioVersion = 16.0.30517.126
MinimumVisualStudioVersion = 10.0.40219.1
Project("{FAE04EC0-301F-11D3-BF4B-00C04F79EFBC}") = "VirusDynamics EX2 Roy Yitzchak", "VirusDynamics EX1 Roy Yitzchak\VirusDynamics EX2 Roy Yitzchak.csproj", "{29926254-4FA7-4126-8961-5393DEFD010F}"
EndProject
Global
	GlobalSection(SolutionConfigurationPlatforms) = preSolution
		Debug|Any CPU = Debug|Any CPU
		Release|Any CPU = Release|Any CPU
	EndGlobalSection
	GlobalSection(ProjectConfigurationPlatforms) = postSolution
		{29926254-4FA7-4126-8961-5393DEFD010F}.Debug|Any CPU.ActiveCfg = Debug|Any CPU
		{29926254-4FA7-4126-8961-5393DEFD010F}.Debug|Any CPU.Build.0 = Debug|Any CPU
		{29926254-4FA7-4126-8961-5393DEFD010F}.Release|Any CPU.ActiveCfg = Release|Any CPU
		{29926254-4FA7-4126-8961-5393DEFD010F}.Release|Any CPU.Build.0 = Release|Any CPU
	EndGlobalSection
	GlobalSection(SolutionProperties) = preSolution
		HideSolutionNode = FALSE
	EndGlobalSection
	GlobalSection(ExtensibilityGlobals) = postSolution
		SolutionGuid = {7C4A71F5-556A-4CE5-88F0-6360E88117F3}
	EndGlobalSection
EndGlobal
