
Microsoft Visual Studio Solution File, Format Version 11.00
# Visual Studio 2010
Project("{FAE04EC0-301F-11D3-BF4B-00C04F79EFBC}") = "C19_Ex04.Menus.Delegates", "C19_Ex04.Menus.Delegates\C19_Ex04.Menus.Delegates.csproj", "{0DD63442-BA37-4BB7-9C91-B8062FCC83F7}"
EndProject
Project("{FAE04EC0-301F-11D3-BF4B-00C04F79EFBC}") = "C19_Ex04.Menus.Interfaces", "C19_Ex04.Menus.Interfaces\C19_Ex04.Menus.Interfaces.csproj", "{980903EA-32E4-47A9-9D25-8BE9FEF92AFF}"
EndProject
Project("{FAE04EC0-301F-11D3-BF4B-00C04F79EFBC}") = "C19_Ex04.Menus.Test", "C19_Ex04.Menus.Test\C19_Ex04.Menus.Test.csproj", "{42607953-3A77-46A8-8F90-AA1DE4E4F9CA}"
EndProject
Project("{2150E333-8FDC-42A3-9474-1A3956D46DE8}") = "Solution Items", "Solution Items", "{140A17BA-FD22-47D9-840D-39F84F1F6C22}"
	ProjectSection(SolutionItems) = preProject
		Exercise-Checking-Report.txt = Exercise-Checking-Report.txt
	EndProjectSection
EndProject
Global
	GlobalSection(SolutionConfigurationPlatforms) = preSolution
		Debug|x86 = Debug|x86
		Release|x86 = Release|x86
	EndGlobalSection
	GlobalSection(ProjectConfigurationPlatforms) = postSolution
		{0DD63442-BA37-4BB7-9C91-B8062FCC83F7}.Debug|x86.ActiveCfg = Debug|x86
		{0DD63442-BA37-4BB7-9C91-B8062FCC83F7}.Debug|x86.Build.0 = Debug|x86
		{0DD63442-BA37-4BB7-9C91-B8062FCC83F7}.Release|x86.ActiveCfg = Release|x86
		{0DD63442-BA37-4BB7-9C91-B8062FCC83F7}.Release|x86.Build.0 = Release|x86
		{980903EA-32E4-47A9-9D25-8BE9FEF92AFF}.Debug|x86.ActiveCfg = Debug|x86
		{980903EA-32E4-47A9-9D25-8BE9FEF92AFF}.Debug|x86.Build.0 = Debug|x86
		{980903EA-32E4-47A9-9D25-8BE9FEF92AFF}.Release|x86.ActiveCfg = Release|x86
		{980903EA-32E4-47A9-9D25-8BE9FEF92AFF}.Release|x86.Build.0 = Release|x86
		{42607953-3A77-46A8-8F90-AA1DE4E4F9CA}.Debug|x86.ActiveCfg = Debug|x86
		{42607953-3A77-46A8-8F90-AA1DE4E4F9CA}.Debug|x86.Build.0 = Debug|x86
		{42607953-3A77-46A8-8F90-AA1DE4E4F9CA}.Release|x86.ActiveCfg = Release|x86
		{42607953-3A77-46A8-8F90-AA1DE4E4F9CA}.Release|x86.Build.0 = Release|x86
	EndGlobalSection
	GlobalSection(SolutionProperties) = preSolution
		HideSolutionNode = FALSE
	EndGlobalSection
EndGlobal
